
Microsoft Visual Studio Solution File, Format Version 12.00
# Visual Studio Version 17
VisualStudioVersion = 17.0.32112.339
MinimumVisualStudioVersion = 10.0.40219.1
Project("{FAE04EC0-301F-11D3-BF4B-00C04F79EFBC}") = "Application2", "Application2\Application2.csproj", "{2B1F62A7-2778-4C1A-854F-7C6F357FD75F}"
EndProject
Global
	GlobalSection(SolutionConfigurationPlatforms) = preSolution
		Debug|Any CPU = Debug|Any CPU
		Release|Any CPU = Release|Any CPU
	EndGlobalSection
	GlobalSection(ProjectConfigurationPlatforms) = postSolution
		{2B1F62A7-2778-4C1A-854F-7C6F357FD75F}.Debug|Any CPU.ActiveCfg = Debug|Any CPU
		{2B1F62A7-2778-4C1A-854F-7C6F357FD75F}.Debug|Any CPU.Build.0 = Debug|Any CPU
		{2B1F62A7-2778-4C1A-854F-7C6F357FD75F}.Release|Any CPU.ActiveCfg = Release|Any CPU
		{2B1F62A7-2778-4C1A-854F-7C6F357FD75F}.Release|Any CPU.Build.0 = Release|Any CPU
	EndGlobalSection
	GlobalSection(SolutionProperties) = preSolution
		HideSolutionNode = FALSE
	EndGlobalSection
	GlobalSection(ExtensibilityGlobals) = postSolution
		SolutionGuid = {AD369BC7-C304-44EE-93CB-38053BB7B1A1}
	EndGlobalSection
EndGlobal
